
Microsoft Visual Studio Solution File, Format Version 12.00
# Visual Studio Version 17
VisualStudioVersion = 17.3.32929.385
MinimumVisualStudioVersion = 10.0.40219.1
Project("{8BC9CEB8-8B4A-11D0-8D11-00A0C91BC942}") = "BCIProject", "BCIProject\BCIProject.vcxproj", "{292E8C8B-1F0F-4002-870E-220B68D41186}"
EndProject
Global
	GlobalSection(SolutionConfigurationPlatforms) = preSolution
		Debug|x64 = Debug|x64
		Debug|x86 = Debug|x86
		Release|x64 = Release|x64
		Release|x86 = Release|x86
	EndGlobalSection
	GlobalSection(ProjectConfigurationPlatforms) = postSolution
		{292E8C8B-1F0F-4002-870E-220B68D41186}.Debug|x64.ActiveCfg = Debug|x64
		{292E8C8B-1F0F-4002-870E-220B68D41186}.Debug|x64.Build.0 = Debug|x64
		{292E8C8B-1F0F-4002-870E-220B68D41186}.Debug|x86.ActiveCfg = Debug|Win32
		{292E8C8B-1F0F-4002-870E-220B68D41186}.Debug|x86.Build.0 = Debug|Win32
		{292E8C8B-1F0F-4002-870E-220B68D41186}.Release|x64.ActiveCfg = Release|x64
		{292E8C8B-1F0F-4002-870E-220B68D41186}.Release|x64.Build.0 = Release|x64
		{292E8C8B-1F0F-4002-870E-220B68D41186}.Release|x86.ActiveCfg = Release|Win32
		{292E8C8B-1F0F-4002-870E-220B68D41186}.Release|x86.Build.0 = Release|Win32
	EndGlobalSection
	GlobalSection(SolutionProperties) = preSolution
		HideSolutionNode = FALSE
	EndGlobalSection
	GlobalSection(ExtensibilityGlobals) = postSolution
		SolutionGuid = {BE1A3DE5-5629-462E-8BE7-127386B9AF98}
	EndGlobalSection
EndGlobal
